
Microsoft Visual Studio Solution File, Format Version 12.00
# Visual Studio Version 17
VisualStudioVersion = 17.4.33213.308
MinimumVisualStudioVersion = 10.0.40219.1
Project("{FAE04EC0-301F-11D3-BF4B-00C04F79EFBC}") = "Strings and collections", "Strings and collections.csproj", "{0C7D01E8-5314-45C9-84C9-F76C1A1F963A}"
EndProject
Global
	GlobalSection(SolutionConfigurationPlatforms) = preSolution
		Debug|Any CPU = Debug|Any CPU
		Release|Any CPU = Release|Any CPU
	EndGlobalSection
	GlobalSection(ProjectConfigurationPlatforms) = postSolution
		{0C7D01E8-5314-45C9-84C9-F76C1A1F963A}.Debug|Any CPU.ActiveCfg = Debug|Any CPU
		{0C7D01E8-5314-45C9-84C9-F76C1A1F963A}.Debug|Any CPU.Build.0 = Debug|Any CPU
		{0C7D01E8-5314-45C9-84C9-F76C1A1F963A}.Release|Any CPU.ActiveCfg = Release|Any CPU
		{0C7D01E8-5314-45C9-84C9-F76C1A1F963A}.Release|Any CPU.Build.0 = Release|Any CPU
	EndGlobalSection
	GlobalSection(SolutionProperties) = preSolution
		HideSolutionNode = FALSE
	EndGlobalSection
	GlobalSection(ExtensibilityGlobals) = postSolution
		SolutionGuid = {627E91D0-1A9E-4DB1-BA84-12E7C4928245}
	EndGlobalSection
EndGlobal
